
Microsoft Visual Studio Solution File, Format Version 12.00
# Visual Studio Version 17
VisualStudioVersion = 17.11.35327.3
MinimumVisualStudioVersion = 10.0.40219.1
Project("{FAE04EC0-301F-11D3-BF4B-00C04F79EFBC}") = "GestionInventario", "GestionInventario\GestionInventario.csproj", "{00958D12-CBAD-4B1F-83FD-5CFE4BEA3340}"
EndProject
Global
	GlobalSection(SolutionConfigurationPlatforms) = preSolution
		Debug|Any CPU = Debug|Any CPU
		Release|Any CPU = Release|Any CPU
	EndGlobalSection
	GlobalSection(ProjectConfigurationPlatforms) = postSolution
		{00958D12-CBAD-4B1F-83FD-5CFE4BEA3340}.Debug|Any CPU.ActiveCfg = Debug|Any CPU
		{00958D12-CBAD-4B1F-83FD-5CFE4BEA3340}.Debug|Any CPU.Build.0 = Debug|Any CPU
		{00958D12-CBAD-4B1F-83FD-5CFE4BEA3340}.Release|Any CPU.ActiveCfg = Release|Any CPU
		{00958D12-CBAD-4B1F-83FD-5CFE4BEA3340}.Release|Any CPU.Build.0 = Release|Any CPU
	EndGlobalSection
	GlobalSection(SolutionProperties) = preSolution
		HideSolutionNode = FALSE
	EndGlobalSection
	GlobalSection(ExtensibilityGlobals) = postSolution
		SolutionGuid = {32AE3BB1-FA62-4888-BAAA-E39036709512}
	EndGlobalSection
EndGlobal
